// !$*UTF8*$!
{
	archiveVersion = 1;
	classes = {
	};
	objectVersion = 51;
	objects = {

/* Begin PBXBuildFile section */
		12B2455715FA5C0AA6999916 /* Pods_VIPER_CleanArchitecture.framework in Frameworks */ = {isa = PBXBuildFile; fileRef = 82C824B53C7C3FCC9C5712FF /* Pods_VIPER_CleanArchitecture.framework */; };
		62A4454232A9E26B680014A9 /* Pods_VIPER_CleanArchitecture_VIPER_CleanArchitectureTests.framework in Frameworks */ = {isa = PBXBuildFile; fileRef = 9D165D975B710563BAE9FC72 /* Pods_VIPER_CleanArchitecture_VIPER_CleanArchitectureTests.framework */; };
		E12968C125E14A83006BD4E0 /* AppDelegate.swift in Sources */ = {isa = PBXBuildFile; fileRef = E12968C025E14A83006BD4E0 /* AppDelegate.swift */; };
		E12968C325E14A83006BD4E0 /* SceneDelegate.swift in Sources */ = {isa = PBXBuildFile; fileRef = E12968C225E14A83006BD4E0 /* SceneDelegate.swift */; };
		E12968C525E14A83006BD4E0 /* HomeView.swift in Sources */ = {isa = PBXBuildFile; fileRef = E12968C425E14A83006BD4E0 /* HomeView.swift */; };
		E12968C825E14A83006BD4E0 /* VIPER_CleanArchitecture.xcdatamodeld in Sources */ = {isa = PBXBuildFile; fileRef = E12968C625E14A83006BD4E0 /* VIPER_CleanArchitecture.xcdatamodeld */; };
		E12968CA25E14A85006BD4E0 /* Assets.xcassets in Resources */ = {isa = PBXBuildFile; fileRef = E12968C925E14A85006BD4E0 /* Assets.xcassets */; };
		E12968CD25E14A85006BD4E0 /* Preview Assets.xcassets in Resources */ = {isa = PBXBuildFile; fileRef = E12968CC25E14A85006BD4E0 /* Preview Assets.xcassets */; };
		E12968D025E14A85006BD4E0 /* LaunchScreen.storyboard in Resources */ = {isa = PBXBuildFile; fileRef = E12968CE25E14A85006BD4E0 /* LaunchScreen.storyboard */; };
		E12968F525E18021006BD4E0 /* ListView.swift in Sources */ = {isa = PBXBuildFile; fileRef = E12968F425E18021006BD4E0 /* ListView.swift */; };
		E12968F825E1805E006BD4E0 /* ListViewTextContainer.swift in Sources */ = {isa = PBXBuildFile; fileRef = E12968F725E1805E006BD4E0 /* ListViewTextContainer.swift */; };
		E12968FB25E18149006BD4E0 /* HomePresenter.swift in Sources */ = {isa = PBXBuildFile; fileRef = E12968FA25E18149006BD4E0 /* HomePresenter.swift */; };
		E12968FE25E18C24006BD4E0 /* ApiCall.swift in Sources */ = {isa = PBXBuildFile; fileRef = E12968FD25E18C24006BD4E0 /* ApiCall.swift */; };
		E129690125E19B76006BD4E0 /* GameResponse.swift in Sources */ = {isa = PBXBuildFile; fileRef = E129690025E19B76006BD4E0 /* GameResponse.swift */; };
		E129690425E19BE9006BD4E0 /* RemoteDataSources.swift in Sources */ = {isa = PBXBuildFile; fileRef = E129690325E19BE9006BD4E0 /* RemoteDataSources.swift */; };
		E129690725E1AD72006BD4E0 /* GameDomain.swift in Sources */ = {isa = PBXBuildFile; fileRef = E129690625E1AD72006BD4E0 /* GameDomain.swift */; };
		E129690B25E1AE1D006BD4E0 /* Repository.swift in Sources */ = {isa = PBXBuildFile; fileRef = E129690A25E1AE1D006BD4E0 /* Repository.swift */; };
		E129691525E21B2A006BD4E0 /* GameMapping.swift in Sources */ = {isa = PBXBuildFile; fileRef = E129691425E21B2A006BD4E0 /* GameMapping.swift */; };
		E129691825E2484B006BD4E0 /* HomeInteractor.swift in Sources */ = {isa = PBXBuildFile; fileRef = E129691725E2484B006BD4E0 /* HomeInteractor.swift */; };
		E129691B25E26C39006BD4E0 /* LocaleDataSources.swift in Sources */ = {isa = PBXBuildFile; fileRef = E129691A25E26C39006BD4E0 /* LocaleDataSources.swift */; };
		E129691E25E26C86006BD4E0 /* CoreDataContext.swift in Sources */ = {isa = PBXBuildFile; fileRef = E129691D25E26C86006BD4E0 /* CoreDataContext.swift */; };
		E129693D25E2E14F006BD4E0 /* VIPER_CleanArchitectureTests.swift in Sources */ = {isa = PBXBuildFile; fileRef = E129693C25E2E14F006BD4E0 /* VIPER_CleanArchitectureTests.swift */; };
		E129699525E41E95006BD4E0 /* DetailView.swift in Sources */ = {isa = PBXBuildFile; fileRef = E129699425E41E95006BD4E0 /* DetailView.swift */; };
		E129699925E426B8006BD4E0 /* DetailInteractor.swift in Sources */ = {isa = PBXBuildFile; fileRef = E129699825E426B8006BD4E0 /* DetailInteractor.swift */; };
		E129699D25E4278D006BD4E0 /* HomeRouter.swift in Sources */ = {isa = PBXBuildFile; fileRef = E129699C25E4278D006BD4E0 /* HomeRouter.swift */; };
		E12969A325E4282E006BD4E0 /* DetailPresenter.swift in Sources */ = {isa = PBXBuildFile; fileRef = E12969A225E4282E006BD4E0 /* DetailPresenter.swift */; };
/* End PBXBuildFile section */

/* Begin PBXContainerItemProxy section */
		E129693F25E2E14F006BD4E0 /* PBXContainerItemProxy */ = {
			isa = PBXContainerItemProxy;
			containerPortal = E12968B525E14A82006BD4E0 /* Project object */;
			proxyType = 1;
			remoteGlobalIDString = E12968BC25E14A82006BD4E0;
			remoteInfo = "VIPER-CleanArchitecture";
		};
/* End PBXContainerItemProxy section */

/* Begin PBXFileReference section */
		1E81CA607F2002E843D96BCE /* Pods-VIPER-CleanArchitecture.release.xcconfig */ = {isa = PBXFileReference; includeInIndex = 1; lastKnownFileType = text.xcconfig; name = "Pods-VIPER-CleanArchitecture.release.xcconfig"; path = "Target Support Files/Pods-VIPER-CleanArchitecture/Pods-VIPER-CleanArchitecture.release.xcconfig"; sourceTree = "<group>"; };
		82C824B53C7C3FCC9C5712FF /* Pods_VIPER_CleanArchitecture.framework */ = {isa = PBXFileReference; explicitFileType = wrapper.framework; includeInIndex = 0; path = Pods_VIPER_CleanArchitecture.framework; sourceTree = BUILT_PRODUCTS_DIR; };
		9D165D975B710563BAE9FC72 /* Pods_VIPER_CleanArchitecture_VIPER_CleanArchitectureTests.framework */ = {isa = PBXFileReference; explicitFileType = wrapper.framework; includeInIndex = 0; path = Pods_VIPER_CleanArchitecture_VIPER_CleanArchitectureTests.framework; sourceTree = BUILT_PRODUCTS_DIR; };
		CA90BDA6214C5FCCAC5DFF13 /* Pods-VIPER-CleanArchitecture.debug.xcconfig */ = {isa = PBXFileReference; includeInIndex = 1; lastKnownFileType = text.xcconfig; name = "Pods-VIPER-CleanArchitecture.debug.xcconfig"; path = "Target Support Files/Pods-VIPER-CleanArchitecture/Pods-VIPER-CleanArchitecture.debug.xcconfig"; sourceTree = "<group>"; };
		D4B358BB3296861D3A4F3DFB /* Pods-VIPER-CleanArchitecture-VIPER-CleanArchitectureTests.release.xcconfig */ = {isa = PBXFileReference; includeInIndex = 1; lastKnownFileType = text.xcconfig; name = "Pods-VIPER-CleanArchitecture-VIPER-CleanArchitectureTests.release.xcconfig"; path = "Target Support Files/Pods-VIPER-CleanArchitecture-VIPER-CleanArchitectureTests/Pods-VIPER-CleanArchitecture-VIPER-CleanArchitectureTests.release.xcconfig"; sourceTree = "<group>"; };
		DA046C4BB5DF64718549504D /* Pods-VIPER-CleanArchitecture-VIPER-CleanArchitectureTests.debug.xcconfig */ = {isa = PBXFileReference; includeInIndex = 1; lastKnownFileType = text.xcconfig; name = "Pods-VIPER-CleanArchitecture-VIPER-CleanArchitectureTests.debug.xcconfig"; path = "Target Support Files/Pods-VIPER-CleanArchitecture-VIPER-CleanArchitectureTests/Pods-VIPER-CleanArchitecture-VIPER-CleanArchitectureTests.debug.xcconfig"; sourceTree = "<group>"; };
		E12968BD25E14A82006BD4E0 /* VIPERCleanArchitecture.app */ = {isa = PBXFileReference; explicitFileType = wrapper.application; includeInIndex = 0; path = VIPERCleanArchitecture.app; sourceTree = BUILT_PRODUCTS_DIR; };
		E12968C025E14A83006BD4E0 /* AppDelegate.swift */ = {isa = PBXFileReference; lastKnownFileType = sourcecode.swift; path = AppDelegate.swift; sourceTree = "<group>"; };
		E12968C225E14A83006BD4E0 /* SceneDelegate.swift */ = {isa = PBXFileReference; lastKnownFileType = sourcecode.swift; path = SceneDelegate.swift; sourceTree = "<group>"; };
		E12968C425E14A83006BD4E0 /* HomeView.swift */ = {isa = PBXFileReference; lastKnownFileType = sourcecode.swift; path = HomeView.swift; sourceTree = "<group>"; };
		E12968C725E14A83006BD4E0 /* VIPER_CleanArchitecture.xcdatamodel */ = {isa = PBXFileReference; lastKnownFileType = wrapper.xcdatamodel; path = VIPER_CleanArchitecture.xcdatamodel; sourceTree = "<group>"; };
		E12968C925E14A85006BD4E0 /* Assets.xcassets */ = {isa = PBXFileReference; lastKnownFileType = folder.assetcatalog; path = Assets.xcassets; sourceTree = "<group>"; };
		E12968CC25E14A85006BD4E0 /* Preview Assets.xcassets */ = {isa = PBXFileReference; lastKnownFileType = folder.assetcatalog; path = "Preview Assets.xcassets"; sourceTree = "<group>"; };
		E12968CF25E14A85006BD4E0 /* Base */ = {isa = PBXFileReference; lastKnownFileType = file.storyboard; name = Base; path = Base.lproj/LaunchScreen.storyboard; sourceTree = "<group>"; };
		E12968D125E14A85006BD4E0 /* Info.plist */ = {isa = PBXFileReference; lastKnownFileType = text.plist.xml; path = Info.plist; sourceTree = "<group>"; };
		E12968F425E18021006BD4E0 /* ListView.swift */ = {isa = PBXFileReference; lastKnownFileType = sourcecode.swift; path = ListView.swift; sourceTree = "<group>"; };
		E12968F725E1805E006BD4E0 /* ListViewTextContainer.swift */ = {isa = PBXFileReference; lastKnownFileType = sourcecode.swift; path = ListViewTextContainer.swift; sourceTree = "<group>"; };
		E12968FA25E18149006BD4E0 /* HomePresenter.swift */ = {isa = PBXFileReference; lastKnownFileType = sourcecode.swift; path = HomePresenter.swift; sourceTree = "<group>"; };
		E12968FD25E18C24006BD4E0 /* ApiCall.swift */ = {isa = PBXFileReference; lastKnownFileType = sourcecode.swift; path = ApiCall.swift; sourceTree = "<group>"; };
		E129690025E19B76006BD4E0 /* GameResponse.swift */ = {isa = PBXFileReference; lastKnownFileType = sourcecode.swift; path = GameResponse.swift; sourceTree = "<group>"; };
		E129690325E19BE9006BD4E0 /* RemoteDataSources.swift */ = {isa = PBXFileReference; lastKnownFileType = sourcecode.swift; path = RemoteDataSources.swift; sourceTree = "<group>"; };
		E129690625E1AD72006BD4E0 /* GameDomain.swift */ = {isa = PBXFileReference; lastKnownFileType = sourcecode.swift; path = GameDomain.swift; sourceTree = "<group>"; };
		E129690A25E1AE1D006BD4E0 /* Repository.swift */ = {isa = PBXFileReference; lastKnownFileType = sourcecode.swift; path = Repository.swift; sourceTree = "<group>"; };
		E129691425E21B2A006BD4E0 /* GameMapping.swift */ = {isa = PBXFileReference; lastKnownFileType = sourcecode.swift; path = GameMapping.swift; sourceTree = "<group>"; };
		E129691725E2484B006BD4E0 /* HomeInteractor.swift */ = {isa = PBXFileReference; lastKnownFileType = sourcecode.swift; path = HomeInteractor.swift; sourceTree = "<group>"; };
		E129691A25E26C39006BD4E0 /* LocaleDataSources.swift */ = {isa = PBXFileReference; lastKnownFileType = sourcecode.swift; path = LocaleDataSources.swift; sourceTree = "<group>"; };
		E129691D25E26C86006BD4E0 /* CoreDataContext.swift */ = {isa = PBXFileReference; lastKnownFileType = sourcecode.swift; path = CoreDataContext.swift; sourceTree = "<group>"; };
		E129693A25E2E14F006BD4E0 /* VIPERCleanArchitectureTests.xctest */ = {isa = PBXFileReference; explicitFileType = wrapper.cfbundle; includeInIndex = 0; path = VIPERCleanArchitectureTests.xctest; sourceTree = BUILT_PRODUCTS_DIR; };
		E129693C25E2E14F006BD4E0 /* VIPER_CleanArchitectureTests.swift */ = {isa = PBXFileReference; lastKnownFileType = sourcecode.swift; path = VIPER_CleanArchitectureTests.swift; sourceTree = "<group>"; };
		E129693E25E2E14F006BD4E0 /* Info.plist */ = {isa = PBXFileReference; lastKnownFileType = text.plist.xml; path = Info.plist; sourceTree = "<group>"; };
		E129699425E41E95006BD4E0 /* DetailView.swift */ = {isa = PBXFileReference; lastKnownFileType = sourcecode.swift; path = DetailView.swift; sourceTree = "<group>"; };
		E129699825E426B8006BD4E0 /* DetailInteractor.swift */ = {isa = PBXFileReference; lastKnownFileType = sourcecode.swift; path = DetailInteractor.swift; sourceTree = "<group>"; };
		E129699C25E4278D006BD4E0 /* HomeRouter.swift */ = {isa = PBXFileReference; lastKnownFileType = sourcecode.swift; path = HomeRouter.swift; sourceTree = "<group>"; };
		E12969A225E4282E006BD4E0 /* DetailPresenter.swift */ = {isa = PBXFileReference; lastKnownFileType = sourcecode.swift; path = DetailPresenter.swift; sourceTree = "<group>"; };
/* End PBXFileReference section */

/* Begin PBXFrameworksBuildPhase section */
		E12968BA25E14A82006BD4E0 /* Frameworks */ = {
			isa = PBXFrameworksBuildPhase;
			buildActionMask = 2147483647;
			files = (
				12B2455715FA5C0AA6999916 /* Pods_VIPER_CleanArchitecture.framework in Frameworks */,
			);
			runOnlyForDeploymentPostprocessing = 0;
		};
		E129693725E2E14F006BD4E0 /* Frameworks */ = {
			isa = PBXFrameworksBuildPhase;
			buildActionMask = 2147483647;
			files = (
				62A4454232A9E26B680014A9 /* Pods_VIPER_CleanArchitecture_VIPER_CleanArchitectureTests.framework in Frameworks */,
			);
			runOnlyForDeploymentPostprocessing = 0;
		};
/* End PBXFrameworksBuildPhase section */

/* Begin PBXGroup section */
		D50DF72441DC96C6937CB4B6 /* Frameworks */ = {
			isa = PBXGroup;
			children = (
				82C824B53C7C3FCC9C5712FF /* Pods_VIPER_CleanArchitecture.framework */,
				9D165D975B710563BAE9FC72 /* Pods_VIPER_CleanArchitecture_VIPER_CleanArchitectureTests.framework */,
			);
			name = Frameworks;
			sourceTree = "<group>";
		};
		D7C8D3D571B3BA6BE68444B2 /* Pods */ = {
			isa = PBXGroup;
			children = (
				CA90BDA6214C5FCCAC5DFF13 /* Pods-VIPER-CleanArchitecture.debug.xcconfig */,
				1E81CA607F2002E843D96BCE /* Pods-VIPER-CleanArchitecture.release.xcconfig */,
				DA046C4BB5DF64718549504D /* Pods-VIPER-CleanArchitecture-VIPER-CleanArchitectureTests.debug.xcconfig */,
				D4B358BB3296861D3A4F3DFB /* Pods-VIPER-CleanArchitecture-VIPER-CleanArchitectureTests.release.xcconfig */,
			);
			path = Pods;
			sourceTree = "<group>";
		};
		E12968B425E14A82006BD4E0 = {
			isa = PBXGroup;
			children = (
				E12968BF25E14A83006BD4E0 /* VIPERCleanArchitecture */,
				E129693B25E2E14F006BD4E0 /* VIPERCleanArchitectureTests */,
				E12968BE25E14A82006BD4E0 /* Products */,
				D7C8D3D571B3BA6BE68444B2 /* Pods */,
				D50DF72441DC96C6937CB4B6 /* Frameworks */,
			);
			sourceTree = "<group>";
		};
		E12968BE25E14A82006BD4E0 /* Products */ = {
			isa = PBXGroup;
			children = (
				E12968BD25E14A82006BD4E0 /* VIPERCleanArchitecture.app */,
				E129693A25E2E14F006BD4E0 /* VIPERCleanArchitectureTests.xctest */,
			);
			name = Products;
			sourceTree = "<group>";
		};
		E12968BF25E14A83006BD4E0 /* VIPERCleanArchitecture */ = {
			isa = PBXGroup;
			children = (
				E12968E325E14F4C006BD4E0 /* Infrastructure */,
				E12968DA25E14ABA006BD4E0 /* Data */,
				E12968D925E14AAA006BD4E0 /* Domain */,
				E12968D825E14A9A006BD4E0 /* Presentation */,
				E12968C025E14A83006BD4E0 /* AppDelegate.swift */,
				E12968C225E14A83006BD4E0 /* SceneDelegate.swift */,
				E12968C925E14A85006BD4E0 /* Assets.xcassets */,
				E12968CE25E14A85006BD4E0 /* LaunchScreen.storyboard */,
				E12968D125E14A85006BD4E0 /* Info.plist */,
				E12968C625E14A83006BD4E0 /* VIPER_CleanArchitecture.xcdatamodeld */,
				E12968CB25E14A85006BD4E0 /* Preview Content */,
			);
			path = VIPERCleanArchitecture;
			sourceTree = "<group>";
		};
		E12968CB25E14A85006BD4E0 /* Preview Content */ = {
			isa = PBXGroup;
			children = (
				E12968CC25E14A85006BD4E0 /* Preview Assets.xcassets */,
			);
			path = "Preview Content";
			sourceTree = "<group>";
		};
		E12968D825E14A9A006BD4E0 /* Presentation */ = {
			isa = PBXGroup;
			children = (
				E129698B25E41366006BD4E0 /* Detail */,
				E12968DC25E14AD2006BD4E0 /* Home */,
			);
			path = Presentation;
			sourceTree = "<group>";
		};
		E12968D925E14AAA006BD4E0 /* Domain */ = {
			isa = PBXGroup;
			children = (
				E12968E225E14F45006BD4E0 /* Model */,
				E12968DB25E14AC1006BD4E0 /* UseCase */,
			);
			path = Domain;
			sourceTree = "<group>";
		};
		E12968DA25E14ABA006BD4E0 /* Data */ = {
			isa = PBXGroup;
			children = (
				E12968E125E14B1C006BD4E0 /* Remote */,
				E12968E025E14B11006BD4E0 /* Locale */,
				E129690A25E1AE1D006BD4E0 /* Repository.swift */,
			);
			path = Data;
			sourceTree = "<group>";
		};
		E12968DB25E14AC1006BD4E0 /* UseCase */ = {
			isa = PBXGroup;
			children = (
				E129691725E2484B006BD4E0 /* HomeInteractor.swift */,
				E129699825E426B8006BD4E0 /* DetailInteractor.swift */,
			);
			path = UseCase;
			sourceTree = "<group>";
		};
		E12968DC25E14AD2006BD4E0 /* Home */ = {
			isa = PBXGroup;
			children = (
				E12968DF25E14B00006BD4E0 /* Router */,
				E12968DE25E14AE1006BD4E0 /* Presenter */,
				E12968DD25E14ADA006BD4E0 /* View */,
			);
			path = Home;
			sourceTree = "<group>";
		};
		E12968DD25E14ADA006BD4E0 /* View */ = {
			isa = PBXGroup;
			children = (
				E12968C425E14A83006BD4E0 /* HomeView.swift */,
				E12968F425E18021006BD4E0 /* ListView.swift */,
				E12968F725E1805E006BD4E0 /* ListViewTextContainer.swift */,
			);
			path = View;
			sourceTree = "<group>";
		};
		E12968DE25E14AE1006BD4E0 /* Presenter */ = {
			isa = PBXGroup;
			children = (
				E12968FA25E18149006BD4E0 /* HomePresenter.swift */,
			);
			path = Presenter;
			sourceTree = "<group>";
		};
		E12968DF25E14B00006BD4E0 /* Router */ = {
			isa = PBXGroup;
			children = (
				E129699C25E4278D006BD4E0 /* HomeRouter.swift */,
			);
			path = Router;
			sourceTree = "<group>";
		};
		E12968E025E14B11006BD4E0 /* Locale */ = {
			isa = PBXGroup;
			children = (
				E129691A25E26C39006BD4E0 /* LocaleDataSources.swift */,
			);
			path = Locale;
			sourceTree = "<group>";
		};
		E12968E125E14B1C006BD4E0 /* Remote */ = {
			isa = PBXGroup;
			children = (
				E12968E725E1515B006BD4E0 /* Response */,
				E129690325E19BE9006BD4E0 /* RemoteDataSources.swift */,
			);
			path = Remote;
			sourceTree = "<group>";
		};
		E12968E225E14F45006BD4E0 /* Model */ = {
			isa = PBXGroup;
			children = (
				E129690625E1AD72006BD4E0 /* GameDomain.swift */,
			);
			path = Model;
			sourceTree = "<group>";
		};
		E12968E325E14F4C006BD4E0 /* Infrastructure */ = {
			isa = PBXGroup;
			children = (
				E12968E625E1507A006BD4E0 /* Utils */,
				E12968E525E14F9B006BD4E0 /* Network */,
				E12968E425E14F96006BD4E0 /* Mapper */,
			);
			path = Infrastructure;
			sourceTree = "<group>";
		};
		E12968E425E14F96006BD4E0 /* Mapper */ = {
			isa = PBXGroup;
			children = (
				E129691425E21B2A006BD4E0 /* GameMapping.swift */,
			);
			path = Mapper;
			sourceTree = "<group>";
		};
		E12968E525E14F9B006BD4E0 /* Network */ = {
			isa = PBXGroup;
			children = (
				E12968FD25E18C24006BD4E0 /* ApiCall.swift */,
			);
			path = Network;
			sourceTree = "<group>";
		};
		E12968E625E1507A006BD4E0 /* Utils */ = {
			isa = PBXGroup;
			children = (
				E129691D25E26C86006BD4E0 /* CoreDataContext.swift */,
			);
			path = Utils;
			sourceTree = "<group>";
		};
		E12968E725E1515B006BD4E0 /* Response */ = {
			isa = PBXGroup;
			children = (
				E129690025E19B76006BD4E0 /* GameResponse.swift */,
			);
			path = Response;
			sourceTree = "<group>";
		};
		E129693B25E2E14F006BD4E0 /* VIPERCleanArchitectureTests */ = {
			isa = PBXGroup;
			children = (
				E129693C25E2E14F006BD4E0 /* VIPER_CleanArchitectureTests.swift */,
				E129693E25E2E14F006BD4E0 /* Info.plist */,
			);
			path = VIPERCleanArchitectureTests;
			sourceTree = "<group>";
		};
		E129698B25E41366006BD4E0 /* Detail */ = {
			isa = PBXGroup;
			children = (
				E12969A125E4281D006BD4E0 /* View */,
				E12969A025E42811006BD4E0 /* Presenter */,
			);
			path = Detail;
			sourceTree = "<group>";
		};
		E12969A025E42811006BD4E0 /* Presenter */ = {
			isa = PBXGroup;
			children = (
				E12969A225E4282E006BD4E0 /* DetailPresenter.swift */,
			);
			path = Presenter;
			sourceTree = "<group>";
		};
		E12969A125E4281D006BD4E0 /* View */ = {
			isa = PBXGroup;
			children = (
				E129699425E41E95006BD4E0 /* DetailView.swift */,
			);
			path = View;
			sourceTree = "<group>";
		};
/* End PBXGroup section */

/* Begin PBXNativeTarget section */
		E12968BC25E14A82006BD4E0 /* VIPERCleanArchitecture */ = {
			isa = PBXNativeTarget;
			buildConfigurationList = E12968D425E14A85006BD4E0 /* Build configuration list for PBXNativeTarget "VIPERCleanArchitecture" */;
			buildPhases = (
				7D82DDC36469AC04EE544A57 /* [CP] Check Pods Manifest.lock */,
				E12968B925E14A82006BD4E0 /* Sources */,
				E12968BA25E14A82006BD4E0 /* Frameworks */,
				E12968BB25E14A82006BD4E0 /* Resources */,
				AD0E51243FA4DCFBB1C92F1D /* [CP] Embed Pods Frameworks */,
			);
			buildRules = (
			);
			dependencies = (
			);
			name = VIPERCleanArchitecture;
			productName = "VIPER-CleanArchitecture";
			productReference = E12968BD25E14A82006BD4E0 /* VIPERCleanArchitecture.app */;
			productType = "com.apple.product-type.application";
		};
		E129693925E2E14F006BD4E0 /* VIPERCleanArchitectureTests */ = {
			isa = PBXNativeTarget;
			buildConfigurationList = E129694125E2E14F006BD4E0 /* Build configuration list for PBXNativeTarget "VIPERCleanArchitectureTests" */;
			buildPhases = (
				C67760BE5F3FB2B3561CBDA2 /* [CP] Check Pods Manifest.lock */,
				E129693625E2E14F006BD4E0 /* Sources */,
				E129693725E2E14F006BD4E0 /* Frameworks */,
				E129693825E2E14F006BD4E0 /* Resources */,
				65882C72D7B405E4AE49233C /* [CP] Embed Pods Frameworks */,
			);
			buildRules = (
			);
			dependencies = (
				E129694025E2E14F006BD4E0 /* PBXTargetDependency */,
			);
			name = VIPERCleanArchitectureTests;
			productName = "VIPER-CleanArchitectureTests";
			productReference = E129693A25E2E14F006BD4E0 /* VIPERCleanArchitectureTests.xctest */;
			productType = "com.apple.product-type.bundle.unit-test";
		};
/* End PBXNativeTarget section */

/* Begin PBXProject section */
		E12968B525E14A82006BD4E0 /* Project object */ = {
			isa = PBXProject;
			attributes = {
				LastSwiftUpdateCheck = 1230;
				LastUpgradeCheck = 1230;
				TargetAttributes = {
					E12968BC25E14A82006BD4E0 = {
						CreatedOnToolsVersion = 12.3;
					};
					E129693925E2E14F006BD4E0 = {
						CreatedOnToolsVersion = 12.3;
						TestTargetID = E12968BC25E14A82006BD4E0;
					};
				};
			};
			buildConfigurationList = E12968B825E14A82006BD4E0 /* Build configuration list for PBXProject "VIPERCleanArchitecture" */;
			compatibilityVersion = "Xcode 9.3";
			developmentRegion = en;
			hasScannedForEncodings = 0;
			knownRegions = (
				en,
				Base,
			);
			mainGroup = E12968B425E14A82006BD4E0;
			productRefGroup = E12968BE25E14A82006BD4E0 /* Products */;
			projectDirPath = "";
			projectRoot = "";
			targets = (
				E12968BC25E14A82006BD4E0 /* VIPERCleanArchitecture */,
				E129693925E2E14F006BD4E0 /* VIPERCleanArchitectureTests */,
			);
		};
/* End PBXProject section */

/* Begin PBXResourcesBuildPhase section */
		E12968BB25E14A82006BD4E0 /* Resources */ = {
			isa = PBXResourcesBuildPhase;
			buildActionMask = 2147483647;
			files = (
				E12968D025E14A85006BD4E0 /* LaunchScreen.storyboard in Resources */,
				E12968CD25E14A85006BD4E0 /* Preview Assets.xcassets in Resources */,
				E12968CA25E14A85006BD4E0 /* Assets.xcassets in Resources */,
			);
			runOnlyForDeploymentPostprocessing = 0;
		};
		E129693825E2E14F006BD4E0 /* Resources */ = {
			isa = PBXResourcesBuildPhase;
			buildActionMask = 2147483647;
			files = (
			);
			runOnlyForDeploymentPostprocessing = 0;
		};
/* End PBXResourcesBuildPhase section */

/* Begin PBXShellScriptBuildPhase section */
		65882C72D7B405E4AE49233C /* [CP] Embed Pods Frameworks */ = {
			isa = PBXShellScriptBuildPhase;
			buildActionMask = 2147483647;
			files = (
			);
			inputFileListPaths = (
				"${PODS_ROOT}/Target Support Files/Pods-VIPER-CleanArchitecture-VIPER-CleanArchitectureTests/Pods-VIPER-CleanArchitecture-VIPER-CleanArchitectureTests-frameworks-${CONFIGURATION}-input-files.xcfilelist",
			);
			name = "[CP] Embed Pods Frameworks";
			outputFileListPaths = (
				"${PODS_ROOT}/Target Support Files/Pods-VIPER-CleanArchitecture-VIPER-CleanArchitectureTests/Pods-VIPER-CleanArchitecture-VIPER-CleanArchitectureTests-frameworks-${CONFIGURATION}-output-files.xcfilelist",
			);
			runOnlyForDeploymentPostprocessing = 0;
			shellPath = /bin/sh;
			shellScript = "\"${PODS_ROOT}/Target Support Files/Pods-VIPER-CleanArchitecture-VIPER-CleanArchitectureTests/Pods-VIPER-CleanArchitecture-VIPER-CleanArchitectureTests-frameworks.sh\"\n";
			showEnvVarsInLog = 0;
		};
		7D82DDC36469AC04EE544A57 /* [CP] Check Pods Manifest.lock */ = {
			isa = PBXShellScriptBuildPhase;
			buildActionMask = 2147483647;
			files = (
			);
			inputFileListPaths = (
			);
			inputPaths = (
				"${PODS_PODFILE_DIR_PATH}/Podfile.lock",
				"${PODS_ROOT}/Manifest.lock",
			);
			name = "[CP] Check Pods Manifest.lock";
			outputFileListPaths = (
			);
			outputPaths = (
				"$(DERIVED_FILE_DIR)/Pods-VIPER-CleanArchitecture-checkManifestLockResult.txt",
			);
			runOnlyForDeploymentPostprocessing = 0;
			shellPath = /bin/sh;
			shellScript = "diff \"${PODS_PODFILE_DIR_PATH}/Podfile.lock\" \"${PODS_ROOT}/Manifest.lock\" > /dev/null\nif [ $? != 0 ] ; then\n    # print error to STDERR\n    echo \"error: The sandbox is not in sync with the Podfile.lock. Run 'pod install' or update your CocoaPods installation.\" >&2\n    exit 1\nfi\n# This output is used by Xcode 'outputs' to avoid re-running this script phase.\necho \"SUCCESS\" > \"${SCRIPT_OUTPUT_FILE_0}\"\n";
			showEnvVarsInLog = 0;
		};
		AD0E51243FA4DCFBB1C92F1D /* [CP] Embed Pods Frameworks */ = {
			isa = PBXShellScriptBuildPhase;
			buildActionMask = 2147483647;
			files = (
			);
			inputFileListPaths = (
				"${PODS_ROOT}/Target Support Files/Pods-VIPER-CleanArchitecture/Pods-VIPER-CleanArchitecture-frameworks-${CONFIGURATION}-input-files.xcfilelist",
			);
			name = "[CP] Embed Pods Frameworks";
			outputFileListPaths = (
				"${PODS_ROOT}/Target Support Files/Pods-VIPER-CleanArchitecture/Pods-VIPER-CleanArchitecture-frameworks-${CONFIGURATION}-output-files.xcfilelist",
			);
			runOnlyForDeploymentPostprocessing = 0;
			shellPath = /bin/sh;
			shellScript = "\"${PODS_ROOT}/Target Support Files/Pods-VIPER-CleanArchitecture/Pods-VIPER-CleanArchitecture-frameworks.sh\"\n";
			showEnvVarsInLog = 0;
		};
		C67760BE5F3FB2B3561CBDA2 /* [CP] Check Pods Manifest.lock */ = {
			isa = PBXShellScriptBuildPhase;
			buildActionMask = 2147483647;
			files = (
			);
			inputFileListPaths = (
			);
			inputPaths = (
				"${PODS_PODFILE_DIR_PATH}/Podfile.lock",
				"${PODS_ROOT}/Manifest.lock",
			);
			name = "[CP] Check Pods Manifest.lock";
			outputFileListPaths = (
			);
			outputPaths = (
				"$(DERIVED_FILE_DIR)/Pods-VIPER-CleanArchitecture-VIPER-CleanArchitectureTests-checkManifestLockResult.txt",
			);
			runOnlyForDeploymentPostprocessing = 0;
			shellPath = /bin/sh;
			shellScript = "diff \"${PODS_PODFILE_DIR_PATH}/Podfile.lock\" \"${PODS_ROOT}/Manifest.lock\" > /dev/null\nif [ $? != 0 ] ; then\n    # print error to STDERR\n    echo \"error: The sandbox is not in sync with the Podfile.lock. Run 'pod install' or update your CocoaPods installation.\" >&2\n    exit 1\nfi\n# This output is used by Xcode 'outputs' to avoid re-running this script phase.\necho \"SUCCESS\" > \"${SCRIPT_OUTPUT_FILE_0}\"\n";
			showEnvVarsInLog = 0;
		};
/* End PBXShellScriptBuildPhase section */

/* Begin PBXSourcesBuildPhase section */
		E12968B925E14A82006BD4E0 /* Sources */ = {
			isa = PBXSourcesBuildPhase;
			buildActionMask = 2147483647;
			files = (
				E129690425E19BE9006BD4E0 /* RemoteDataSources.swift in Sources */,
				E12968FB25E18149006BD4E0 /* HomePresenter.swift in Sources */,
				E129699525E41E95006BD4E0 /* DetailView.swift in Sources */,
				E12969A325E4282E006BD4E0 /* DetailPresenter.swift in Sources */,
				E129699925E426B8006BD4E0 /* DetailInteractor.swift in Sources */,
				E129699D25E4278D006BD4E0 /* HomeRouter.swift in Sources */,
				E12968C125E14A83006BD4E0 /* AppDelegate.swift in Sources */,
				E129691B25E26C39006BD4E0 /* LocaleDataSources.swift in Sources */,
				E12968C325E14A83006BD4E0 /* SceneDelegate.swift in Sources */,
				E12968F525E18021006BD4E0 /* ListView.swift in Sources */,
				E12968C525E14A83006BD4E0 /* HomeView.swift in Sources */,
				E12968C825E14A83006BD4E0 /* VIPER_CleanArchitecture.xcdatamodeld in Sources */,
				E129691E25E26C86006BD4E0 /* CoreDataContext.swift in Sources */,
				E12968FE25E18C24006BD4E0 /* ApiCall.swift in Sources */,
				E129691525E21B2A006BD4E0 /* GameMapping.swift in Sources */,
				E12968F825E1805E006BD4E0 /* ListViewTextContainer.swift in Sources */,
				E129690725E1AD72006BD4E0 /* GameDomain.swift in Sources */,
				E129690125E19B76006BD4E0 /* GameResponse.swift in Sources */,
				E129690B25E1AE1D006BD4E0 /* Repository.swift in Sources */,
				E129691825E2484B006BD4E0 /* HomeInteractor.swift in Sources */,
			);
			runOnlyForDeploymentPostprocessing = 0;
		};
		E129693625E2E14F006BD4E0 /* Sources */ = {
			isa = PBXSourcesBuildPhase;
			buildActionMask = 2147483647;
			files = (
				E129693D25E2E14F006BD4E0 /* VIPER_CleanArchitectureTests.swift in Sources */,
			);
			runOnlyForDeploymentPostprocessing = 0;
		};
/* End PBXSourcesBuildPhase section */

/* Begin PBXTargetDependency section */
		E129694025E2E14F006BD4E0 /* PBXTargetDependency */ = {
			isa = PBXTargetDependency;
			target = E12968BC25E14A82006BD4E0 /* VIPERCleanArchitecture */;
			targetProxy = E129693F25E2E14F006BD4E0 /* PBXContainerItemProxy */;
		};
/* End PBXTargetDependency section */

/* Begin PBXVariantGroup section */
		E12968CE25E14A85006BD4E0 /* LaunchScreen.storyboard */ = {
			isa = PBXVariantGroup;
			children = (
				E12968CF25E14A85006BD4E0 /* Base */,
			);
			name = LaunchScreen.storyboard;
			sourceTree = "<group>";
		};
/* End PBXVariantGroup section */

/* Begin XCBuildConfiguration section */
		E12968D225E14A85006BD4E0 /* Debug */ = {
			isa = XCBuildConfiguration;
			buildSettings = {
				ALWAYS_SEARCH_USER_PATHS = NO;
				CLANG_ANALYZER_NONNULL = YES;
				CLANG_ANALYZER_NUMBER_OBJECT_CONVERSION = YES_AGGRESSIVE;
				CLANG_CXX_LANGUAGE_STANDARD = "gnu++14";
				CLANG_CXX_LIBRARY = "libc++";
				CLANG_ENABLE_MODULES = YES;
				CLANG_ENABLE_OBJC_ARC = YES;
				CLANG_ENABLE_OBJC_WEAK = YES;
				CLANG_WARN_BLOCK_CAPTURE_AUTORELEASING = YES;
				CLANG_WARN_BOOL_CONVERSION = YES;
				CLANG_WARN_COMMA = YES;
				CLANG_WARN_CONSTANT_CONVERSION = YES;
				CLANG_WARN_DEPRECATED_OBJC_IMPLEMENTATIONS = YES;
				CLANG_WARN_DIRECT_OBJC_ISA_USAGE = YES_ERROR;
				CLANG_WARN_DOCUMENTATION_COMMENTS = YES;
				CLANG_WARN_EMPTY_BODY = YES;
				CLANG_WARN_ENUM_CONVERSION = YES;
				CLANG_WARN_INFINITE_RECURSION = YES;
				CLANG_WARN_INT_CONVERSION = YES;
				CLANG_WARN_NON_LITERAL_NULL_CONVERSION = YES;
				CLANG_WARN_OBJC_IMPLICIT_RETAIN_SELF = YES;
				CLANG_WARN_OBJC_LITERAL_CONVERSION = YES;
				CLANG_WARN_OBJC_ROOT_CLASS = YES_ERROR;
				CLANG_WARN_QUOTED_INCLUDE_IN_FRAMEWORK_HEADER = YES;
				CLANG_WARN_RANGE_LOOP_ANALYSIS = YES;
				CLANG_WARN_STRICT_PROTOTYPES = YES;
				CLANG_WARN_SUSPICIOUS_MOVE = YES;
				CLANG_WARN_UNGUARDED_AVAILABILITY = YES_AGGRESSIVE;
				CLANG_WARN_UNREACHABLE_CODE = YES;
				CLANG_WARN__DUPLICATE_METHOD_MATCH = YES;
				COPY_PHASE_STRIP = NO;
				DEBUG_INFORMATION_FORMAT = dwarf;
				ENABLE_STRICT_OBJC_MSGSEND = YES;
				ENABLE_TESTABILITY = YES;
				GCC_C_LANGUAGE_STANDARD = gnu11;
				GCC_DYNAMIC_NO_PIC = NO;
				GCC_NO_COMMON_BLOCKS = YES;
				GCC_OPTIMIZATION_LEVEL = 0;
				GCC_PREPROCESSOR_DEFINITIONS = (
					"DEBUG=1",
					"$(inherited)",
				);
				GCC_WARN_64_TO_32_BIT_CONVERSION = YES;
				GCC_WARN_ABOUT_RETURN_TYPE = YES_ERROR;
				GCC_WARN_UNDECLARED_SELECTOR = YES;
				GCC_WARN_UNINITIALIZED_AUTOS = YES_AGGRESSIVE;
				GCC_WARN_UNUSED_FUNCTION = YES;
				GCC_WARN_UNUSED_VARIABLE = YES;
				IPHONEOS_DEPLOYMENT_TARGET = 14.3;
				MTL_ENABLE_DEBUG_INFO = INCLUDE_SOURCE;
				MTL_FAST_MATH = YES;
				ONLY_ACTIVE_ARCH = YES;
				SDKROOT = iphoneos;
				SWIFT_ACTIVE_COMPILATION_CONDITIONS = DEBUG;
				SWIFT_OPTIMIZATION_LEVEL = "-Onone";
			};
			name = Debug;
		};
		E12968D325E14A85006BD4E0 /* Release */ = {
			isa = XCBuildConfiguration;
			buildSettings = {
				ALWAYS_SEARCH_USER_PATHS = NO;
				CLANG_ANALYZER_NONNULL = YES;
				CLANG_ANALYZER_NUMBER_OBJECT_CONVERSION = YES_AGGRESSIVE;
				CLANG_CXX_LANGUAGE_STANDARD = "gnu++14";
				CLANG_CXX_LIBRARY = "libc++";
				CLANG_ENABLE_MODULES = YES;
				CLANG_ENABLE_OBJC_ARC = YES;
				CLANG_ENABLE_OBJC_WEAK = YES;
				CLANG_WARN_BLOCK_CAPTURE_AUTORELEASING = YES;
				CLANG_WARN_BOOL_CONVERSION = YES;
				CLANG_WARN_COMMA = YES;
				CLANG_WARN_CONSTANT_CONVERSION = YES;
				CLANG_WARN_DEPRECATED_OBJC_IMPLEMENTATIONS = YES;
				CLANG_WARN_DIRECT_OBJC_ISA_USAGE = YES_ERROR;
				CLANG_WARN_DOCUMENTATION_COMMENTS = YES;
				CLANG_WARN_EMPTY_BODY = YES;
				CLANG_WARN_ENUM_CONVERSION = YES;
				CLANG_WARN_INFINITE_RECURSION = YES;
				CLANG_WARN_INT_CONVERSION = YES;
				CLANG_WARN_NON_LITERAL_NULL_CONVERSION = YES;
				CLANG_WARN_OBJC_IMPLICIT_RETAIN_SELF = YES;
				CLANG_WARN_OBJC_LITERAL_CONVERSION = YES;
				CLANG_WARN_OBJC_ROOT_CLASS = YES_ERROR;
				CLANG_WARN_QUOTED_INCLUDE_IN_FRAMEWORK_HEADER = YES;
				CLANG_WARN_RANGE_LOOP_ANALYSIS = YES;
				CLANG_WARN_STRICT_PROTOTYPES = YES;
				CLANG_WARN_SUSPICIOUS_MOVE = YES;
				CLANG_WARN_UNGUARDED_AVAILABILITY = YES_AGGRESSIVE;
				CLANG_WARN_UNREACHABLE_CODE = YES;
				CLANG_WARN__DUPLICATE_METHOD_MATCH = YES;
				COPY_PHASE_STRIP = NO;
				DEBUG_INFORMATION_FORMAT = "dwarf-with-dsym";
				ENABLE_NS_ASSERTIONS = NO;
				ENABLE_STRICT_OBJC_MSGSEND = YES;
				GCC_C_LANGUAGE_STANDARD = gnu11;
				GCC_NO_COMMON_BLOCKS = YES;
				GCC_WARN_64_TO_32_BIT_CONVERSION = YES;
				GCC_WARN_ABOUT_RETURN_TYPE = YES_ERROR;
				GCC_WARN_UNDECLARED_SELECTOR = YES;
				GCC_WARN_UNINITIALIZED_AUTOS = YES_AGGRESSIVE;
				GCC_WARN_UNUSED_FUNCTION = YES;
				GCC_WARN_UNUSED_VARIABLE = YES;
				IPHONEOS_DEPLOYMENT_TARGET = 14.3;
				MTL_ENABLE_DEBUG_INFO = NO;
				MTL_FAST_MATH = YES;
				SDKROOT = iphoneos;
				SWIFT_COMPILATION_MODE = wholemodule;
				SWIFT_OPTIMIZATION_LEVEL = "-O";
				VALIDATE_PRODUCT = YES;
			};
			name = Release;
		};
		E12968D525E14A85006BD4E0 /* Debug */ = {
			isa = XCBuildConfiguration;
			baseConfigurationReference = CA90BDA6214C5FCCAC5DFF13 /* Pods-VIPER-CleanArchitecture.debug.xcconfig */;
			buildSettings = {
				ASSETCATALOG_COMPILER_APPICON_NAME = AppIcon;
				ASSETCATALOG_COMPILER_GLOBAL_ACCENT_COLOR_NAME = AccentColor;
				CODE_SIGN_STYLE = Automatic;
				DEVELOPMENT_ASSET_PATHS = "\"VIPERCleanArchitecture/Preview Content\"";
				DEVELOPMENT_TEAM = 9P78Q47KY2;
				ENABLE_PREVIEWS = YES;
				INFOPLIST_FILE = VIPERCleanArchitecture/Info.plist;
				LD_RUNPATH_SEARCH_PATHS = (
					"$(inherited)",
					"@executable_path/Frameworks",
				);
				PRODUCT_BUNDLE_IDENTIFIER = "com.dannysantoso.VIPER-CleanArchitecture";
				PRODUCT_NAME = "$(TARGET_NAME)";
				SWIFT_VERSION = 5.0;
				TARGETED_DEVICE_FAMILY = "1,2";
			};
			name = Debug;
		};
		E12968D625E14A85006BD4E0 /* Release */ = {
			isa = XCBuildConfiguration;
			baseConfigurationReference = 1E81CA607F2002E843D96BCE /* Pods-VIPER-CleanArchitecture.release.xcconfig */;
			buildSettings = {
				ASSETCATALOG_COMPILER_APPICON_NAME = AppIcon;
				ASSETCATALOG_COMPILER_GLOBAL_ACCENT_COLOR_NAME = AccentColor;
				CODE_SIGN_STYLE = Automatic;
				DEVELOPMENT_ASSET_PATHS = "\"VIPERCleanArchitecture/Preview Content\"";
				DEVELOPMENT_TEAM = 9P78Q47KY2;
				ENABLE_PREVIEWS = YES;
				INFOPLIST_FILE = VIPERCleanArchitecture/Info.plist;
				LD_RUNPATH_SEARCH_PATHS = (
					"$(inherited)",
					"@executable_path/Frameworks",
				);
				PRODUCT_BUNDLE_IDENTIFIER = "com.dannysantoso.VIPER-CleanArchitecture";
				PRODUCT_NAME = "$(TARGET_NAME)";
				SWIFT_VERSION = 5.0;
				TARGETED_DEVICE_FAMILY = "1,2";
			};
			name = Release;
		};
		E129694225E2E14F006BD4E0 /* Debug */ = {
			isa = XCBuildConfiguration;
			baseConfigurationReference = DA046C4BB5DF64718549504D /* Pods-VIPER-CleanArchitecture-VIPER-CleanArchitectureTests.debug.xcconfig */;
			buildSettings = {
				BUNDLE_LOADER = "$(TEST_HOST)";
				CODE_SIGN_STYLE = Automatic;
				DEVELOPMENT_TEAM = 9P78Q47KY2;
				INFOPLIST_FILE = VIPERCleanArchitectureTests/Info.plist;
				LD_RUNPATH_SEARCH_PATHS = (
					"$(inherited)",
					"@executable_path/Frameworks",
					"@loader_path/Frameworks",
				);
				PRODUCT_BUNDLE_IDENTIFIER = "com.dannysantoso.VIPER-CleanArchitectureTests";
				PRODUCT_NAME = "$(TARGET_NAME)";
				SWIFT_VERSION = 5.0;
				TARGETED_DEVICE_FAMILY = "1,2";
				TEST_HOST = "$(BUILT_PRODUCTS_DIR)/VIPERCleanArchitecture.app/VIPERCleanArchitecture";
			};
			name = Debug;
		};
		E129694325E2E14F006BD4E0 /* Release */ = {
			isa = XCBuildConfiguration;
			baseConfigurationReference = D4B358BB3296861D3A4F3DFB /* Pods-VIPER-CleanArchitecture-VIPER-CleanArchitectureTests.release.xcconfig */;
			buildSettings = {
				BUNDLE_LOADER = "$(TEST_HOST)";
				CODE_SIGN_STYLE = Automatic;
				DEVELOPMENT_TEAM = 9P78Q47KY2;
				INFOPLIST_FILE = VIPERCleanArchitectureTests/Info.plist;
				LD_RUNPATH_SEARCH_PATHS = (
					"$(inherited)",
					"@executable_path/Frameworks",
					"@loader_path/Frameworks",
				);
				PRODUCT_BUNDLE_IDENTIFIER = "com.dannysantoso.VIPER-CleanArchitectureTests";
				PRODUCT_NAME = "$(TARGET_NAME)";
				SWIFT_VERSION = 5.0;
				TARGETED_DEVICE_FAMILY = "1,2";
				TEST_HOST = "$(BUILT_PRODUCTS_DIR)/VIPERCleanArchitecture.app/VIPERCleanArchitecture";
			};
			name = Release;
		};
/* End XCBuildConfiguration section */

/* Begin XCConfigurationList section */
		E12968B825E14A82006BD4E0 /* Build configuration list for PBXProject "VIPERCleanArchitecture" */ = {
			isa = XCConfigurationList;
			buildConfigurations = (
				E12968D225E14A85006BD4E0 /* Debug */,
				E12968D325E14A85006BD4E0 /* Release */,
			);
			defaultConfigurationIsVisible = 0;
			defaultConfigurationName = Release;
		};
		E12968D425E14A85006BD4E0 /* Build configuration list for PBXNativeTarget "VIPERCleanArchitecture" */ = {
			isa = XCConfigurationList;
			buildConfigurations = (
				E12968D525E14A85006BD4E0 /* Debug */,
				E12968D625E14A85006BD4E0 /* Release */,
			);
			defaultConfigurationIsVisible = 0;
			defaultConfigurationName = Release;
		};
		E129694125E2E14F006BD4E0 /* Build configuration list for PBXNativeTarget "VIPERCleanArchitectureTests" */ = {
			isa = XCConfigurationList;
			buildConfigurations = (
				E129694225E2E14F006BD4E0 /* Debug */,
				E129694325E2E14F006BD4E0 /* Release */,
			);
			defaultConfigurationIsVisible = 0;
			defaultConfigurationName = Release;
		};
/* End XCConfigurationList section */

/* Begin XCVersionGroup section */
		E12968C625E14A83006BD4E0 /* VIPER_CleanArchitecture.xcdatamodeld */ = {
			isa = XCVersionGroup;
			children = (
				E12968C725E14A83006BD4E0 /* VIPER_CleanArchitecture.xcdatamodel */,
			);
			currentVersion = E12968C725E14A83006BD4E0 /* VIPER_CleanArchitecture.xcdatamodel */;
			path = VIPER_CleanArchitecture.xcdatamodeld;
			sourceTree = "<group>";
			versionGroupType = wrapper.xcdatamodel;
		};
/* End XCVersionGroup section */
	};
	rootObject = E12968B525E14A82006BD4E0 /* Project object */;
}
